{
    "_meta": {
        "hash": {
            "sha256": "1f1c0d8f91fd1845841ae55ed1deb2575716f98661977f5e8b027493ab8b5680"
        },
        "pipfile-spec": 6,
        "requires": {
            "python_version": "3.7"
        },
        "sources": [
            {
                "name": "pypi",
                "url": "https://pypi.org/simple",
                "verify_ssl": true
            }
        ]
    },
    "default": {
        "six": {
            "hashes": [
                "sha256:3350809f0555b11f552448330d0b52d5f24c91a322ea4a15ef22629740f3761c",
                "sha256:d16a0141ec1a18405cd4ce8b4613101da75da0e9a7aec5bdd4fa804d0e0eba73"
            ],
            "version": "==1.12.0"
        },
        "websocket-client-py3": {
            "hashes": [
                "sha256:092b3c22ee33253050217cea06130ca16f51afb91d6e9c85f777f5f529ffbbb4"
            ],
            "index": "pypi",
            "version": "==0.15.0"
        }
    },
    "develop": {}
}
